
Microsoft Visual Studio Solution File, Format Version 12.00
# Visual Studio Version 16
Project("{8BC9CEB8-8B4A-11D0-8D11-00A0C91BC942}") = "ALL_BUILD", "ALL_BUILD.vcxproj", "{5A1458BF-392C-3829-88F7-ADC46EF6D9DE}"
	ProjectSection(ProjectDependencies) = postProject
		{7726AEEE-0886-33B0-A9E4-40CCD87CA8F9} = {7726AEEE-0886-33B0-A9E4-40CCD87CA8F9}
		{A44427F9-BAEE-3989-AFDB-27618FE0A60D} = {A44427F9-BAEE-3989-AFDB-27618FE0A60D}
	EndProjectSection
EndProject
Project("{8BC9CEB8-8B4A-11D0-8D11-00A0C91BC942}") = "Continuous", "tests\Continuous.vcxproj", "{64DC6848-9DAE-3834-89DC-FEAC9629ED2F}"
	ProjectSection(ProjectDependencies) = postProject
		{7726AEEE-0886-33B0-A9E4-40CCD87CA8F9} = {7726AEEE-0886-33B0-A9E4-40CCD87CA8F9}
	EndProjectSection
EndProject
Project("{8BC9CEB8-8B4A-11D0-8D11-00A0C91BC942}") = "Experimental", "tests\Experimental.vcxproj", "{02E125C7-BC52-3BE1-BD95-85D2A0039922}"
	ProjectSection(ProjectDependencies) = postProject
		{7726AEEE-0886-33B0-A9E4-40CCD87CA8F9} = {7726AEEE-0886-33B0-A9E4-40CCD87CA8F9}
	EndProjectSection
EndProject
Project("{8BC9CEB8-8B4A-11D0-8D11-00A0C91BC942}") = "INSTALL", "INSTALL.vcxproj", "{12CCB714-C43D-3477-8594-DC3E30181AFC}"
	ProjectSection(ProjectDependencies) = postProject
		{5A1458BF-392C-3829-88F7-ADC46EF6D9DE} = {5A1458BF-392C-3829-88F7-ADC46EF6D9DE}
		{7726AEEE-0886-33B0-A9E4-40CCD87CA8F9} = {7726AEEE-0886-33B0-A9E4-40CCD87CA8F9}
	EndProjectSection
EndProject
Project("{8BC9CEB8-8B4A-11D0-8D11-00A0C91BC942}") = "Nightly", "tests\Nightly.vcxproj", "{BB0E6C61-50AF-3F7A-8ECE-1AC64A9402CC}"
	ProjectSection(ProjectDependencies) = postProject
		{7726AEEE-0886-33B0-A9E4-40CCD87CA8F9} = {7726AEEE-0886-33B0-A9E4-40CCD87CA8F9}
	EndProjectSection
EndProject
Project("{8BC9CEB8-8B4A-11D0-8D11-00A0C91BC942}") = "NightlyMemoryCheck", "tests\NightlyMemoryCheck.vcxproj", "{95357592-9A19-3F89-8A21-5AA5606486FC}"
	ProjectSection(ProjectDependencies) = postProject
		{7726AEEE-0886-33B0-A9E4-40CCD87CA8F9} = {7726AEEE-0886-33B0-A9E4-40CCD87CA8F9}
	EndProjectSection
EndProject
Project("{8BC9CEB8-8B4A-11D0-8D11-00A0C91BC942}") = "ZERO_CHECK", "ZERO_CHECK.vcxproj", "{7726AEEE-0886-33B0-A9E4-40CCD87CA8F9}"
	ProjectSection(ProjectDependencies) = postProject
	EndProjectSection
EndProject
Project("{8BC9CEB8-8B4A-11D0-8D11-00A0C91BC942}") = "check", "tests\check.vcxproj", "{68BECFD9-1100-3B58-949B-61F612D486D5}"
	ProjectSection(ProjectDependencies) = postProject
		{7726AEEE-0886-33B0-A9E4-40CCD87CA8F9} = {7726AEEE-0886-33B0-A9E4-40CCD87CA8F9}
		{FE447A31-FA3F-3261-BEA5-02B72BB40A80} = {FE447A31-FA3F-3261-BEA5-02B72BB40A80}
		{094D0EE6-BA55-3833-A9F8-82D70FAF65BE} = {094D0EE6-BA55-3833-A9F8-82D70FAF65BE}
		{ACE6E482-00D4-3235-B4E3-3864D869EDD0} = {ACE6E482-00D4-3235-B4E3-3864D869EDD0}
		{6337DF88-C682-33A0-A289-081BE58C61F0} = {6337DF88-C682-33A0-A289-081BE58C61F0}
		{B4524873-D3D6-3024-A769-6AB98330F998} = {B4524873-D3D6-3024-A769-6AB98330F998}
		{EEE0E26C-4D66-3B9F-A664-350672612912} = {EEE0E26C-4D66-3B9F-A664-350672612912}
		{07E66676-0204-347F-8A5B-777EA5B83646} = {07E66676-0204-347F-8A5B-777EA5B83646}
		{FF5F7902-D59F-36C5-8D86-55092F6AC109} = {FF5F7902-D59F-36C5-8D86-55092F6AC109}
		{3A17C57D-87E2-30DF-91E5-80619ADDB983} = {3A17C57D-87E2-30DF-91E5-80619ADDB983}
		{6FC5814A-7264-3D31-8BFE-4F5F3D1EC585} = {6FC5814A-7264-3D31-8BFE-4F5F3D1EC585}
		{613D144F-0ACE-37CC-8ED1-B51F7AA8B872} = {613D144F-0ACE-37CC-8ED1-B51F7AA8B872}
		{42DF3B4D-F166-3A95-BE78-FB7500D7CBA9} = {42DF3B4D-F166-3A95-BE78-FB7500D7CBA9}
	EndProjectSection
EndProject
Project("{8BC9CEB8-8B4A-11D0-8D11-00A0C91BC942}") = "orocos-log4cpp", "orocos-log4cpp.vcxproj", "{A44427F9-BAEE-3989-AFDB-27618FE0A60D}"
	ProjectSection(ProjectDependencies) = postProject
		{7726AEEE-0886-33B0-A9E4-40CCD87CA8F9} = {7726AEEE-0886-33B0-A9E4-40CCD87CA8F9}
	EndProjectSection
EndProject
Project("{8BC9CEB8-8B4A-11D0-8D11-00A0C91BC942}") = "run_tests", "tests\run_tests.vcxproj", "{5DF118C1-3995-3191-B577-3D181DD18DED}"
	ProjectSection(ProjectDependencies) = postProject
		{7726AEEE-0886-33B0-A9E4-40CCD87CA8F9} = {7726AEEE-0886-33B0-A9E4-40CCD87CA8F9}
		{68BECFD9-1100-3B58-949B-61F612D486D5} = {68BECFD9-1100-3B58-949B-61F612D486D5}
	EndProjectSection
EndProject
Project("{8BC9CEB8-8B4A-11D0-8D11-00A0C91BC942}") = "testCategory", "tests\testCategory.vcxproj", "{FE447A31-FA3F-3261-BEA5-02B72BB40A80}"
	ProjectSection(ProjectDependencies) = postProject
		{7726AEEE-0886-33B0-A9E4-40CCD87CA8F9} = {7726AEEE-0886-33B0-A9E4-40CCD87CA8F9}
		{A44427F9-BAEE-3989-AFDB-27618FE0A60D} = {A44427F9-BAEE-3989-AFDB-27618FE0A60D}
	EndProjectSection
EndProject
Project("{8BC9CEB8-8B4A-11D0-8D11-00A0C91BC942}") = "testConfig", "tests\testConfig.vcxproj", "{094D0EE6-BA55-3833-A9F8-82D70FAF65BE}"
	ProjectSection(ProjectDependencies) = postProject
		{7726AEEE-0886-33B0-A9E4-40CCD87CA8F9} = {7726AEEE-0886-33B0-A9E4-40CCD87CA8F9}
		{A44427F9-BAEE-3989-AFDB-27618FE0A60D} = {A44427F9-BAEE-3989-AFDB-27618FE0A60D}
	EndProjectSection
EndProject
Project("{8BC9CEB8-8B4A-11D0-8D11-00A0C91BC942}") = "testDailyRollingFileAppender", "tests\testDailyRollingFileAppender.vcxproj", "{ACE6E482-00D4-3235-B4E3-3864D869EDD0}"
	ProjectSection(ProjectDependencies) = postProject
		{7726AEEE-0886-33B0-A9E4-40CCD87CA8F9} = {7726AEEE-0886-33B0-A9E4-40CCD87CA8F9}
		{A44427F9-BAEE-3989-AFDB-27618FE0A60D} = {A44427F9-BAEE-3989-AFDB-27618FE0A60D}
	EndProjectSection
EndProject
Project("{8BC9CEB8-8B4A-11D0-8D11-00A0C91BC942}") = "testErrorCollision", "tests\testErrorCollision.vcxproj", "{6337DF88-C682-33A0-A289-081BE58C61F0}"
	ProjectSection(ProjectDependencies) = postProject
		{7726AEEE-0886-33B0-A9E4-40CCD87CA8F9} = {7726AEEE-0886-33B0-A9E4-40CCD87CA8F9}
		{A44427F9-BAEE-3989-AFDB-27618FE0A60D} = {A44427F9-BAEE-3989-AFDB-27618FE0A60D}
	EndProjectSection
EndProject
Project("{8BC9CEB8-8B4A-11D0-8D11-00A0C91BC942}") = "testFilter", "tests\testFilter.vcxproj", "{B4524873-D3D6-3024-A769-6AB98330F998}"
	ProjectSection(ProjectDependencies) = postProject
		{7726AEEE-0886-33B0-A9E4-40CCD87CA8F9} = {7726AEEE-0886-33B0-A9E4-40CCD87CA8F9}
		{A44427F9-BAEE-3989-AFDB-27618FE0A60D} = {A44427F9-BAEE-3989-AFDB-27618FE0A60D}
	EndProjectSection
EndProject
Project("{8BC9CEB8-8B4A-11D0-8D11-00A0C91BC942}") = "testFixedContextCategory", "tests\testFixedContextCategory.vcxproj", "{EEE0E26C-4D66-3B9F-A664-350672612912}"
	ProjectSection(ProjectDependencies) = postProject
		{7726AEEE-0886-33B0-A9E4-40CCD87CA8F9} = {7726AEEE-0886-33B0-A9E4-40CCD87CA8F9}
		{A44427F9-BAEE-3989-AFDB-27618FE0A60D} = {A44427F9-BAEE-3989-AFDB-27618FE0A60D}
	EndProjectSection
EndProject
Project("{8BC9CEB8-8B4A-11D0-8D11-00A0C91BC942}") = "testNDC", "tests\testNDC.vcxproj", "{07E66676-0204-347F-8A5B-777EA5B83646}"
	ProjectSection(ProjectDependencies) = postProject
		{7726AEEE-0886-33B0-A9E4-40CCD87CA8F9} = {7726AEEE-0886-33B0-A9E4-40CCD87CA8F9}
		{A44427F9-BAEE-3989-AFDB-27618FE0A60D} = {A44427F9-BAEE-3989-AFDB-27618FE0A60D}
	EndProjectSection
EndProject
Project("{8BC9CEB8-8B4A-11D0-8D11-00A0C91BC942}") = "testPattern", "tests\testPattern.vcxproj", "{FF5F7902-D59F-36C5-8D86-55092F6AC109}"
	ProjectSection(ProjectDependencies) = postProject
		{7726AEEE-0886-33B0-A9E4-40CCD87CA8F9} = {7726AEEE-0886-33B0-A9E4-40CCD87CA8F9}
		{A44427F9-BAEE-3989-AFDB-27618FE0A60D} = {A44427F9-BAEE-3989-AFDB-27618FE0A60D}
	EndProjectSection
EndProject
Project("{8BC9CEB8-8B4A-11D0-8D11-00A0C91BC942}") = "testPriority", "tests\testPriority.vcxproj", "{3A17C57D-87E2-30DF-91E5-80619ADDB983}"
	ProjectSection(ProjectDependencies) = postProject
		{7726AEEE-0886-33B0-A9E4-40CCD87CA8F9} = {7726AEEE-0886-33B0-A9E4-40CCD87CA8F9}
		{A44427F9-BAEE-3989-AFDB-27618FE0A60D} = {A44427F9-BAEE-3989-AFDB-27618FE0A60D}
	EndProjectSection
EndProject
Project("{8BC9CEB8-8B4A-11D0-8D11-00A0C91BC942}") = "testProperties", "tests\testProperties.vcxproj", "{6FC5814A-7264-3D31-8BFE-4F5F3D1EC585}"
	ProjectSection(ProjectDependencies) = postProject
		{7726AEEE-0886-33B0-A9E4-40CCD87CA8F9} = {7726AEEE-0886-33B0-A9E4-40CCD87CA8F9}
		{A44427F9-BAEE-3989-AFDB-27618FE0A60D} = {A44427F9-BAEE-3989-AFDB-27618FE0A60D}
	EndProjectSection
EndProject
Project("{8BC9CEB8-8B4A-11D0-8D11-00A0C91BC942}") = "testPropertyConfig", "tests\testPropertyConfig.vcxproj", "{613D144F-0ACE-37CC-8ED1-B51F7AA8B872}"
	ProjectSection(ProjectDependencies) = postProject
		{7726AEEE-0886-33B0-A9E4-40CCD87CA8F9} = {7726AEEE-0886-33B0-A9E4-40CCD87CA8F9}
		{A44427F9-BAEE-3989-AFDB-27618FE0A60D} = {A44427F9-BAEE-3989-AFDB-27618FE0A60D}
	EndProjectSection
EndProject
Project("{8BC9CEB8-8B4A-11D0-8D11-00A0C91BC942}") = "testRollingFileAppender", "tests\testRollingFileAppender.vcxproj", "{42DF3B4D-F166-3A95-BE78-FB7500D7CBA9}"
	ProjectSection(ProjectDependencies) = postProject
		{7726AEEE-0886-33B0-A9E4-40CCD87CA8F9} = {7726AEEE-0886-33B0-A9E4-40CCD87CA8F9}
		{A44427F9-BAEE-3989-AFDB-27618FE0A60D} = {A44427F9-BAEE-3989-AFDB-27618FE0A60D}
	EndProjectSection
EndProject
Project("{8BC9CEB8-8B4A-11D0-8D11-00A0C91BC942}") = "testbench", "tests\testbench.vcxproj", "{C8595A5B-4F50-3CF2-B867-DECBB70D1847}"
	ProjectSection(ProjectDependencies) = postProject
		{7726AEEE-0886-33B0-A9E4-40CCD87CA8F9} = {7726AEEE-0886-33B0-A9E4-40CCD87CA8F9}
		{A44427F9-BAEE-3989-AFDB-27618FE0A60D} = {A44427F9-BAEE-3989-AFDB-27618FE0A60D}
	EndProjectSection
EndProject
Project("{8BC9CEB8-8B4A-11D0-8D11-00A0C91BC942}") = "testmain", "tests\testmain.vcxproj", "{773C4B0B-E7C0-3207-8198-DCF1E94D0E07}"
	ProjectSection(ProjectDependencies) = postProject
		{7726AEEE-0886-33B0-A9E4-40CCD87CA8F9} = {7726AEEE-0886-33B0-A9E4-40CCD87CA8F9}
		{A44427F9-BAEE-3989-AFDB-27618FE0A60D} = {A44427F9-BAEE-3989-AFDB-27618FE0A60D}
	EndProjectSection
EndProject
Global
	GlobalSection(SolutionConfigurationPlatforms) = preSolution
		Debug|x64 = Debug|x64
		Release|x64 = Release|x64
		MinSizeRel|x64 = MinSizeRel|x64
		RelWithDebInfo|x64 = RelWithDebInfo|x64
	EndGlobalSection
	GlobalSection(ProjectConfigurationPlatforms) = postSolution
		{5A1458BF-392C-3829-88F7-ADC46EF6D9DE}.Debug|x64.ActiveCfg = Debug|x64
		{5A1458BF-392C-3829-88F7-ADC46EF6D9DE}.Debug|x64.Build.0 = Debug|x64
		{5A1458BF-392C-3829-88F7-ADC46EF6D9DE}.Release|x64.ActiveCfg = Release|x64
		{5A1458BF-392C-3829-88F7-ADC46EF6D9DE}.Release|x64.Build.0 = Release|x64
		{5A1458BF-392C-3829-88F7-ADC46EF6D9DE}.MinSizeRel|x64.ActiveCfg = MinSizeRel|x64
		{5A1458BF-392C-3829-88F7-ADC46EF6D9DE}.MinSizeRel|x64.Build.0 = MinSizeRel|x64
		{5A1458BF-392C-3829-88F7-ADC46EF6D9DE}.RelWithDebInfo|x64.ActiveCfg = RelWithDebInfo|x64
		{5A1458BF-392C-3829-88F7-ADC46EF6D9DE}.RelWithDebInfo|x64.Build.0 = RelWithDebInfo|x64
		{64DC6848-9DAE-3834-89DC-FEAC9629ED2F}.Debug|x64.ActiveCfg = Debug|x64
		{64DC6848-9DAE-3834-89DC-FEAC9629ED2F}.Release|x64.ActiveCfg = Release|x64
		{64DC6848-9DAE-3834-89DC-FEAC9629ED2F}.MinSizeRel|x64.ActiveCfg = MinSizeRel|x64
		{64DC6848-9DAE-3834-89DC-FEAC9629ED2F}.RelWithDebInfo|x64.ActiveCfg = RelWithDebInfo|x64
		{02E125C7-BC52-3BE1-BD95-85D2A0039922}.Debug|x64.ActiveCfg = Debug|x64
		{02E125C7-BC52-3BE1-BD95-85D2A0039922}.Release|x64.ActiveCfg = Release|x64
		{02E125C7-BC52-3BE1-BD95-85D2A0039922}.MinSizeRel|x64.ActiveCfg = MinSizeRel|x64
		{02E125C7-BC52-3BE1-BD95-85D2A0039922}.RelWithDebInfo|x64.ActiveCfg = RelWithDebInfo|x64
		{12CCB714-C43D-3477-8594-DC3E30181AFC}.Debug|x64.ActiveCfg = Debug|x64
		{12CCB714-C43D-3477-8594-DC3E30181AFC}.Release|x64.ActiveCfg = Release|x64
		{12CCB714-C43D-3477-8594-DC3E30181AFC}.MinSizeRel|x64.ActiveCfg = MinSizeRel|x64
		{12CCB714-C43D-3477-8594-DC3E30181AFC}.RelWithDebInfo|x64.ActiveCfg = RelWithDebInfo|x64
		{BB0E6C61-50AF-3F7A-8ECE-1AC64A9402CC}.Debug|x64.ActiveCfg = Debug|x64
		{BB0E6C61-50AF-3F7A-8ECE-1AC64A9402CC}.Release|x64.ActiveCfg = Release|x64
		{BB0E6C61-50AF-3F7A-8ECE-1AC64A9402CC}.MinSizeRel|x64.ActiveCfg = MinSizeRel|x64
		{BB0E6C61-50AF-3F7A-8ECE-1AC64A9402CC}.RelWithDebInfo|x64.ActiveCfg = RelWithDebInfo|x64
		{95357592-9A19-3F89-8A21-5AA5606486FC}.Debug|x64.ActiveCfg = Debug|x64
		{95357592-9A19-3F89-8A21-5AA5606486FC}.Release|x64.ActiveCfg = Release|x64
		{95357592-9A19-3F89-8A21-5AA5606486FC}.MinSizeRel|x64.ActiveCfg = MinSizeRel|x64
		{95357592-9A19-3F89-8A21-5AA5606486FC}.RelWithDebInfo|x64.ActiveCfg = RelWithDebInfo|x64
		{7726AEEE-0886-33B0-A9E4-40CCD87CA8F9}.Debug|x64.ActiveCfg = Debug|x64
		{7726AEEE-0886-33B0-A9E4-40CCD87CA8F9}.Debug|x64.Build.0 = Debug|x64
		{7726AEEE-0886-33B0-A9E4-40CCD87CA8F9}.Release|x64.ActiveCfg = Release|x64
		{7726AEEE-0886-33B0-A9E4-40CCD87CA8F9}.Release|x64.Build.0 = Release|x64
		{7726AEEE-0886-33B0-A9E4-40CCD87CA8F9}.MinSizeRel|x64.ActiveCfg = MinSizeRel|x64
		{7726AEEE-0886-33B0-A9E4-40CCD87CA8F9}.MinSizeRel|x64.Build.0 = MinSizeRel|x64
		{7726AEEE-0886-33B0-A9E4-40CCD87CA8F9}.RelWithDebInfo|x64.ActiveCfg = RelWithDebInfo|x64
		{7726AEEE-0886-33B0-A9E4-40CCD87CA8F9}.RelWithDebInfo|x64.Build.0 = RelWithDebInfo|x64
		{68BECFD9-1100-3B58-949B-61F612D486D5}.Debug|x64.ActiveCfg = Debug|x64
		{68BECFD9-1100-3B58-949B-61F612D486D5}.Debug|x64.Build.0 = Debug|x64
		{68BECFD9-1100-3B58-949B-61F612D486D5}.Release|x64.ActiveCfg = Release|x64
		{68BECFD9-1100-3B58-949B-61F612D486D5}.Release|x64.Build.0 = Release|x64
		{68BECFD9-1100-3B58-949B-61F612D486D5}.MinSizeRel|x64.ActiveCfg = MinSizeRel|x64
		{68BECFD9-1100-3B58-949B-61F612D486D5}.MinSizeRel|x64.Build.0 = MinSizeRel|x64
		{68BECFD9-1100-3B58-949B-61F612D486D5}.RelWithDebInfo|x64.ActiveCfg = RelWithDebInfo|x64
		{68BECFD9-1100-3B58-949B-61F612D486D5}.RelWithDebInfo|x64.Build.0 = RelWithDebInfo|x64
		{A44427F9-BAEE-3989-AFDB-27618FE0A60D}.Debug|x64.ActiveCfg = Debug|x64
		{A44427F9-BAEE-3989-AFDB-27618FE0A60D}.Debug|x64.Build.0 = Debug|x64
		{A44427F9-BAEE-3989-AFDB-27618FE0A60D}.Release|x64.ActiveCfg = Release|x64
		{A44427F9-BAEE-3989-AFDB-27618FE0A60D}.Release|x64.Build.0 = Release|x64
		{A44427F9-BAEE-3989-AFDB-27618FE0A60D}.MinSizeRel|x64.ActiveCfg = MinSizeRel|x64
		{A44427F9-BAEE-3989-AFDB-27618FE0A60D}.MinSizeRel|x64.Build.0 = MinSizeRel|x64
		{A44427F9-BAEE-3989-AFDB-27618FE0A60D}.RelWithDebInfo|x64.ActiveCfg = RelWithDebInfo|x64
		{A44427F9-BAEE-3989-AFDB-27618FE0A60D}.RelWithDebInfo|x64.Build.0 = RelWithDebInfo|x64
		{5DF118C1-3995-3191-B577-3D181DD18DED}.Debug|x64.ActiveCfg = Debug|x64
		{5DF118C1-3995-3191-B577-3D181DD18DED}.Release|x64.ActiveCfg = Release|x64
		{5DF118C1-3995-3191-B577-3D181DD18DED}.MinSizeRel|x64.ActiveCfg = MinSizeRel|x64
		{5DF118C1-3995-3191-B577-3D181DD18DED}.RelWithDebInfo|x64.ActiveCfg = RelWithDebInfo|x64
		{FE447A31-FA3F-3261-BEA5-02B72BB40A80}.Debug|x64.ActiveCfg = Debug|x64
		{FE447A31-FA3F-3261-BEA5-02B72BB40A80}.Debug|x64.Build.0 = Debug|x64
		{FE447A31-FA3F-3261-BEA5-02B72BB40A80}.Release|x64.ActiveCfg = Release|x64
		{FE447A31-FA3F-3261-BEA5-02B72BB40A80}.Release|x64.Build.0 = Release|x64
		{FE447A31-FA3F-3261-BEA5-02B72BB40A80}.MinSizeRel|x64.ActiveCfg = MinSizeRel|x64
		{FE447A31-FA3F-3261-BEA5-02B72BB40A80}.MinSizeRel|x64.Build.0 = MinSizeRel|x64
		{FE447A31-FA3F-3261-BEA5-02B72BB40A80}.RelWithDebInfo|x64.ActiveCfg = RelWithDebInfo|x64
		{FE447A31-FA3F-3261-BEA5-02B72BB40A80}.RelWithDebInfo|x64.Build.0 = RelWithDebInfo|x64
		{094D0EE6-BA55-3833-A9F8-82D70FAF65BE}.Debug|x64.ActiveCfg = Debug|x64
		{094D0EE6-BA55-3833-A9F8-82D70FAF65BE}.Debug|x64.Build.0 = Debug|x64
		{094D0EE6-BA55-3833-A9F8-82D70FAF65BE}.Release|x64.ActiveCfg = Release|x64
		{094D0EE6-BA55-3833-A9F8-82D70FAF65BE}.Release|x64.Build.0 = Release|x64
		{094D0EE6-BA55-3833-A9F8-82D70FAF65BE}.MinSizeRel|x64.ActiveCfg = MinSizeRel|x64
		{094D0EE6-BA55-3833-A9F8-82D70FAF65BE}.MinSizeRel|x64.Build.0 = MinSizeRel|x64
		{094D0EE6-BA55-3833-A9F8-82D70FAF65BE}.RelWithDebInfo|x64.ActiveCfg = RelWithDebInfo|x64
		{094D0EE6-BA55-3833-A9F8-82D70FAF65BE}.RelWithDebInfo|x64.Build.0 = RelWithDebInfo|x64
		{ACE6E482-00D4-3235-B4E3-3864D869EDD0}.Debug|x64.ActiveCfg = Debug|x64
		{ACE6E482-00D4-3235-B4E3-3864D869EDD0}.Debug|x64.Build.0 = Debug|x64
		{ACE6E482-00D4-3235-B4E3-3864D869EDD0}.Release|x64.ActiveCfg = Release|x64
		{ACE6E482-00D4-3235-B4E3-3864D869EDD0}.Release|x64.Build.0 = Release|x64
		{ACE6E482-00D4-3235-B4E3-3864D869EDD0}.MinSizeRel|x64.ActiveCfg = MinSizeRel|x64
		{ACE6E482-00D4-3235-B4E3-3864D869EDD0}.MinSizeRel|x64.Build.0 = MinSizeRel|x64
		{ACE6E482-00D4-3235-B4E3-3864D869EDD0}.RelWithDebInfo|x64.ActiveCfg = RelWithDebInfo|x64
		{ACE6E482-00D4-3235-B4E3-3864D869EDD0}.RelWithDebInfo|x64.Build.0 = RelWithDebInfo|x64
		{6337DF88-C682-33A0-A289-081BE58C61F0}.Debug|x64.ActiveCfg = Debug|x64
		{6337DF88-C682-33A0-A289-081BE58C61F0}.Debug|x64.Build.0 = Debug|x64
		{6337DF88-C682-33A0-A289-081BE58C61F0}.Release|x64.ActiveCfg = Release|x64
		{6337DF88-C682-33A0-A289-081BE58C61F0}.Release|x64.Build.0 = Release|x64
		{6337DF88-C682-33A0-A289-081BE58C61F0}.MinSizeRel|x64.ActiveCfg = MinSizeRel|x64
		{6337DF88-C682-33A0-A289-081BE58C61F0}.MinSizeRel|x64.Build.0 = MinSizeRel|x64
		{6337DF88-C682-33A0-A289-081BE58C61F0}.RelWithDebInfo|x64.ActiveCfg = RelWithDebInfo|x64
		{6337DF88-C682-33A0-A289-081BE58C61F0}.RelWithDebInfo|x64.Build.0 = RelWithDebInfo|x64
		{B4524873-D3D6-3024-A769-6AB98330F998}.Debug|x64.ActiveCfg = Debug|x64
		{B4524873-D3D6-3024-A769-6AB98330F998}.Debug|x64.Build.0 = Debug|x64
		{B4524873-D3D6-3024-A769-6AB98330F998}.Release|x64.ActiveCfg = Release|x64
		{B4524873-D3D6-3024-A769-6AB98330F998}.Release|x64.Build.0 = Release|x64
		{B4524873-D3D6-3024-A769-6AB98330F998}.MinSizeRel|x64.ActiveCfg = MinSizeRel|x64
		{B4524873-D3D6-3024-A769-6AB98330F998}.MinSizeRel|x64.Build.0 = MinSizeRel|x64
		{B4524873-D3D6-3024-A769-6AB98330F998}.RelWithDebInfo|x64.ActiveCfg = RelWithDebInfo|x64
		{B4524873-D3D6-3024-A769-6AB98330F998}.RelWithDebInfo|x64.Build.0 = RelWithDebInfo|x64
		{EEE0E26C-4D66-3B9F-A664-350672612912}.Debug|x64.ActiveCfg = Debug|x64
		{EEE0E26C-4D66-3B9F-A664-350672612912}.Debug|x64.Build.0 = Debug|x64
		{EEE0E26C-4D66-3B9F-A664-350672612912}.Release|x64.ActiveCfg = Release|x64
		{EEE0E26C-4D66-3B9F-A664-350672612912}.Release|x64.Build.0 = Release|x64
		{EEE0E26C-4D66-3B9F-A664-350672612912}.MinSizeRel|x64.ActiveCfg = MinSizeRel|x64
		{EEE0E26C-4D66-3B9F-A664-350672612912}.MinSizeRel|x64.Build.0 = MinSizeRel|x64
		{EEE0E26C-4D66-3B9F-A664-350672612912}.RelWithDebInfo|x64.ActiveCfg = RelWithDebInfo|x64
		{EEE0E26C-4D66-3B9F-A664-350672612912}.RelWithDebInfo|x64.Build.0 = RelWithDebInfo|x64
		{07E66676-0204-347F-8A5B-777EA5B83646}.Debug|x64.ActiveCfg = Debug|x64
		{07E66676-0204-347F-8A5B-777EA5B83646}.Debug|x64.Build.0 = Debug|x64
		{07E66676-0204-347F-8A5B-777EA5B83646}.Release|x64.ActiveCfg = Release|x64
		{07E66676-0204-347F-8A5B-777EA5B83646}.Release|x64.Build.0 = Release|x64
		{07E66676-0204-347F-8A5B-777EA5B83646}.MinSizeRel|x64.ActiveCfg = MinSizeRel|x64
		{07E66676-0204-347F-8A5B-777EA5B83646}.MinSizeRel|x64.Build.0 = MinSizeRel|x64
		{07E66676-0204-347F-8A5B-777EA5B83646}.RelWithDebInfo|x64.ActiveCfg = RelWithDebInfo|x64
		{07E66676-0204-347F-8A5B-777EA5B83646}.RelWithDebInfo|x64.Build.0 = RelWithDebInfo|x64
		{FF5F7902-D59F-36C5-8D86-55092F6AC109}.Debug|x64.ActiveCfg = Debug|x64
		{FF5F7902-D59F-36C5-8D86-55092F6AC109}.Debug|x64.Build.0 = Debug|x64
		{FF5F7902-D59F-36C5-8D86-55092F6AC109}.Release|x64.ActiveCfg = Release|x64
		{FF5F7902-D59F-36C5-8D86-55092F6AC109}.Release|x64.Build.0 = Release|x64
		{FF5F7902-D59F-36C5-8D86-55092F6AC109}.MinSizeRel|x64.ActiveCfg = MinSizeRel|x64
		{FF5F7902-D59F-36C5-8D86-55092F6AC109}.MinSizeRel|x64.Build.0 = MinSizeRel|x64
		{FF5F7902-D59F-36C5-8D86-55092F6AC109}.RelWithDebInfo|x64.ActiveCfg = RelWithDebInfo|x64
		{FF5F7902-D59F-36C5-8D86-55092F6AC109}.RelWithDebInfo|x64.Build.0 = RelWithDebInfo|x64
		{3A17C57D-87E2-30DF-91E5-80619ADDB983}.Debug|x64.ActiveCfg = Debug|x64
		{3A17C57D-87E2-30DF-91E5-80619ADDB983}.Debug|x64.Build.0 = Debug|x64
		{3A17C57D-87E2-30DF-91E5-80619ADDB983}.Release|x64.ActiveCfg = Release|x64
		{3A17C57D-87E2-30DF-91E5-80619ADDB983}.Release|x64.Build.0 = Release|x64
		{3A17C57D-87E2-30DF-91E5-80619ADDB983}.MinSizeRel|x64.ActiveCfg = MinSizeRel|x64
		{3A17C57D-87E2-30DF-91E5-80619ADDB983}.MinSizeRel|x64.Build.0 = MinSizeRel|x64
		{3A17C57D-87E2-30DF-91E5-80619ADDB983}.RelWithDebInfo|x64.ActiveCfg = RelWithDebInfo|x64
		{3A17C57D-87E2-30DF-91E5-80619ADDB983}.RelWithDebInfo|x64.Build.0 = RelWithDebInfo|x64
		{6FC5814A-7264-3D31-8BFE-4F5F3D1EC585}.Debug|x64.ActiveCfg = Debug|x64
		{6FC5814A-7264-3D31-8BFE-4F5F3D1EC585}.Debug|x64.Build.0 = Debug|x64
		{6FC5814A-7264-3D31-8BFE-4F5F3D1EC585}.Release|x64.ActiveCfg = Release|x64
		{6FC5814A-7264-3D31-8BFE-4F5F3D1EC585}.Release|x64.Build.0 = Release|x64
		{6FC5814A-7264-3D31-8BFE-4F5F3D1EC585}.MinSizeRel|x64.ActiveCfg = MinSizeRel|x64
		{6FC5814A-7264-3D31-8BFE-4F5F3D1EC585}.MinSizeRel|x64.Build.0 = MinSizeRel|x64
		{6FC5814A-7264-3D31-8BFE-4F5F3D1EC585}.RelWithDebInfo|x64.ActiveCfg = RelWithDebInfo|x64
		{6FC5814A-7264-3D31-8BFE-4F5F3D1EC585}.RelWithDebInfo|x64.Build.0 = RelWithDebInfo|x64
		{613D144F-0ACE-37CC-8ED1-B51F7AA8B872}.Debug|x64.ActiveCfg = Debug|x64
		{613D144F-0ACE-37CC-8ED1-B51F7AA8B872}.Debug|x64.Build.0 = Debug|x64
		{613D144F-0ACE-37CC-8ED1-B51F7AA8B872}.Release|x64.ActiveCfg = Release|x64
		{613D144F-0ACE-37CC-8ED1-B51F7AA8B872}.Release|x64.Build.0 = Release|x64
		{613D144F-0ACE-37CC-8ED1-B51F7AA8B872}.MinSizeRel|x64.ActiveCfg = MinSizeRel|x64
		{613D144F-0ACE-37CC-8ED1-B51F7AA8B872}.MinSizeRel|x64.Build.0 = MinSizeRel|x64
		{613D144F-0ACE-37CC-8ED1-B51F7AA8B872}.RelWithDebInfo|x64.ActiveCfg = RelWithDebInfo|x64
		{613D144F-0ACE-37CC-8ED1-B51F7AA8B872}.RelWithDebInfo|x64.Build.0 = RelWithDebInfo|x64
		{42DF3B4D-F166-3A95-BE78-FB7500D7CBA9}.Debug|x64.ActiveCfg = Debug|x64
		{42DF3B4D-F166-3A95-BE78-FB7500D7CBA9}.Debug|x64.Build.0 = Debug|x64
		{42DF3B4D-F166-3A95-BE78-FB7500D7CBA9}.Release|x64.ActiveCfg = Release|x64
		{42DF3B4D-F166-3A95-BE78-FB7500D7CBA9}.Release|x64.Build.0 = Release|x64
		{42DF3B4D-F166-3A95-BE78-FB7500D7CBA9}.MinSizeRel|x64.ActiveCfg = MinSizeRel|x64
		{42DF3B4D-F166-3A95-BE78-FB7500D7CBA9}.MinSizeRel|x64.Build.0 = MinSizeRel|x64
		{42DF3B4D-F166-3A95-BE78-FB7500D7CBA9}.RelWithDebInfo|x64.ActiveCfg = RelWithDebInfo|x64
		{42DF3B4D-F166-3A95-BE78-FB7500D7CBA9}.RelWithDebInfo|x64.Build.0 = RelWithDebInfo|x64
		{C8595A5B-4F50-3CF2-B867-DECBB70D1847}.Debug|x64.ActiveCfg = Debug|x64
		{C8595A5B-4F50-3CF2-B867-DECBB70D1847}.Debug|x64.Build.0 = Debug|x64
		{C8595A5B-4F50-3CF2-B867-DECBB70D1847}.Release|x64.ActiveCfg = Release|x64
		{C8595A5B-4F50-3CF2-B867-DECBB70D1847}.Release|x64.Build.0 = Release|x64
		{C8595A5B-4F50-3CF2-B867-DECBB70D1847}.MinSizeRel|x64.ActiveCfg = MinSizeRel|x64
		{C8595A5B-4F50-3CF2-B867-DECBB70D1847}.MinSizeRel|x64.Build.0 = MinSizeRel|x64
		{C8595A5B-4F50-3CF2-B867-DECBB70D1847}.RelWithDebInfo|x64.ActiveCfg = RelWithDebInfo|x64
		{C8595A5B-4F50-3CF2-B867-DECBB70D1847}.RelWithDebInfo|x64.Build.0 = RelWithDebInfo|x64
		{773C4B0B-E7C0-3207-8198-DCF1E94D0E07}.Debug|x64.ActiveCfg = Debug|x64
		{773C4B0B-E7C0-3207-8198-DCF1E94D0E07}.Debug|x64.Build.0 = Debug|x64
		{773C4B0B-E7C0-3207-8198-DCF1E94D0E07}.Release|x64.ActiveCfg = Release|x64
		{773C4B0B-E7C0-3207-8198-DCF1E94D0E07}.Release|x64.Build.0 = Release|x64
		{773C4B0B-E7C0-3207-8198-DCF1E94D0E07}.MinSizeRel|x64.ActiveCfg = MinSizeRel|x64
		{773C4B0B-E7C0-3207-8198-DCF1E94D0E07}.MinSizeRel|x64.Build.0 = MinSizeRel|x64
		{773C4B0B-E7C0-3207-8198-DCF1E94D0E07}.RelWithDebInfo|x64.ActiveCfg = RelWithDebInfo|x64
		{773C4B0B-E7C0-3207-8198-DCF1E94D0E07}.RelWithDebInfo|x64.Build.0 = RelWithDebInfo|x64
	EndGlobalSection
	GlobalSection(ExtensibilityGlobals) = postSolution
		SolutionGuid = {AA29BA54-2774-3CD1-87F9-665ABCE3B600}
	EndGlobalSection
	GlobalSection(ExtensibilityAddIns) = postSolution
	EndGlobalSection
EndGlobal
