<?xml version="1.0" encoding="utf-8"?>
<Project ToolsVersion="16.0" xmlns="http://schemas.microsoft.com/developer/msbuild/2003">
  <ItemGroup>
    <CustomBuild Include="C:\dev\log4cpp\log4cpp\CMakeFiles\f40226cf7aae60353a97e2bdedc28275\generate.stamp.rule">
      <Filter>CMake Rules</Filter>
    </CustomBuild>
  </ItemGroup>
  <ItemGroup>
    <Filter Include="CMake Rules">
      <UniqueIdentifier>{386AED12-4047-3DF6-AD69-68A4DE29775B}</UniqueIdentifier>
    </Filter>
  </ItemGroup>
</Project>
